
Microsoft Visual Studio Solution File, Format Version 12.00
# Visual Studio Version 17
VisualStudioVersion = 17.14.36811.4 d17.14
MinimumVisualStudioVersion = 10.0.40219.1
Project("{FAE04EC0-301F-11D3-BF4B-00C04F79EFBC}") = "UniversalTechnicalTest.Api", "UniversalTechnicalTest.Api\UniversalTechnicalTest.Api.csproj", "{15C29361-DCC3-40C6-8215-5ACF72460AF8}"
EndProject
Project("{FAE04EC0-301F-11D3-BF4B-00C04F79EFBC}") = "UniversalTechnicalTest.Tests", "UniversalTechnicalTest.Tests\UniversalTechnicalTest.Tests.csproj", "{B5339130-C67F-4BB3-9DC6-14875ABA2B0E}"
EndProject
Global
	GlobalSection(SolutionConfigurationPlatforms) = preSolution
		Debug|Any CPU = Debug|Any CPU
		Release|Any CPU = Release|Any CPU
	EndGlobalSection
	GlobalSection(ProjectConfigurationPlatforms) = postSolution
		{15C29361-DCC3-40C6-8215-5ACF72460AF8}.Debug|Any CPU.ActiveCfg = Debug|Any CPU
		{15C29361-DCC3-40C6-8215-5ACF72460AF8}.Debug|Any CPU.Build.0 = Debug|Any CPU
		{15C29361-DCC3-40C6-8215-5ACF72460AF8}.Release|Any CPU.ActiveCfg = Release|Any CPU
		{15C29361-DCC3-40C6-8215-5ACF72460AF8}.Release|Any CPU.Build.0 = Release|Any CPU
		{B5339130-C67F-4BB3-9DC6-14875ABA2B0E}.Debug|Any CPU.ActiveCfg = Debug|Any CPU
		{B5339130-C67F-4BB3-9DC6-14875ABA2B0E}.Debug|Any CPU.Build.0 = Debug|Any CPU
		{B5339130-C67F-4BB3-9DC6-14875ABA2B0E}.Release|Any CPU.ActiveCfg = Release|Any CPU
		{B5339130-C67F-4BB3-9DC6-14875ABA2B0E}.Release|Any CPU.Build.0 = Release|Any CPU
	EndGlobalSection
	GlobalSection(SolutionProperties) = preSolution
		HideSolutionNode = FALSE
	EndGlobalSection
	GlobalSection(ExtensibilityGlobals) = postSolution
		SolutionGuid = {BF026581-0069-41BE-B8E4-EB5E2EAD7372}
	EndGlobalSection
EndGlobal
